
Microsoft Visual Studio Solution File, Format Version 12.00
# Visual Studio Version 16
VisualStudioVersion = 16.0.30907.101
MinimumVisualStudioVersion = 10.0.40219.1
Project("{9A19103F-16F7-4668-BE54-9A1E7A4F7556}") = "Zad8_Grzegorz", "Zad7_Grzegorz\Zad8_Grzegorz.csproj", "{E389784D-81D1-4825-987E-A67FDEF4FCA5}"
EndProject
Global
	GlobalSection(SolutionConfigurationPlatforms) = preSolution
		Debug|Any CPU = Debug|Any CPU
		Release|Any CPU = Release|Any CPU
	EndGlobalSection
	GlobalSection(ProjectConfigurationPlatforms) = postSolution
		{E389784D-81D1-4825-987E-A67FDEF4FCA5}.Debug|Any CPU.ActiveCfg = Debug|Any CPU
		{E389784D-81D1-4825-987E-A67FDEF4FCA5}.Debug|Any CPU.Build.0 = Debug|Any CPU
		{E389784D-81D1-4825-987E-A67FDEF4FCA5}.Release|Any CPU.ActiveCfg = Release|Any CPU
		{E389784D-81D1-4825-987E-A67FDEF4FCA5}.Release|Any CPU.Build.0 = Release|Any CPU
	EndGlobalSection
	GlobalSection(SolutionProperties) = preSolution
		HideSolutionNode = FALSE
	EndGlobalSection
	GlobalSection(ExtensibilityGlobals) = postSolution
		SolutionGuid = {D0D8C0AC-3C79-4CED-9D7C-D5A68B5B87BE}
	EndGlobalSection
EndGlobal
